
Microsoft Visual Studio Solution File, Format Version 12.00
# Visual Studio Version 17
VisualStudioVersion = 17.5.33424.131
MinimumVisualStudioVersion = 10.0.40219.1
Project("{8BC9CEB8-8B4A-11D0-8D11-00A0C91BC942}") = "Login_and_registration_system", "Login_and_registration_system\Login_and_registration_system.vcxproj", "{6C683D5C-CF9C-4AC9-858B-8BCB05EC69EE}"
EndProject
Global
	GlobalSection(SolutionConfigurationPlatforms) = preSolution
		Debug|x64 = Debug|x64
		Debug|x86 = Debug|x86
		Release|x64 = Release|x64
		Release|x86 = Release|x86
	EndGlobalSection
	GlobalSection(ProjectConfigurationPlatforms) = postSolution
		{6C683D5C-CF9C-4AC9-858B-8BCB05EC69EE}.Debug|x64.ActiveCfg = Debug|x64
		{6C683D5C-CF9C-4AC9-858B-8BCB05EC69EE}.Debug|x64.Build.0 = Debug|x64
		{6C683D5C-CF9C-4AC9-858B-8BCB05EC69EE}.Debug|x86.ActiveCfg = Debug|Win32
		{6C683D5C-CF9C-4AC9-858B-8BCB05EC69EE}.Debug|x86.Build.0 = Debug|Win32
		{6C683D5C-CF9C-4AC9-858B-8BCB05EC69EE}.Release|x64.ActiveCfg = Release|x64
		{6C683D5C-CF9C-4AC9-858B-8BCB05EC69EE}.Release|x64.Build.0 = Release|x64
		{6C683D5C-CF9C-4AC9-858B-8BCB05EC69EE}.Release|x86.ActiveCfg = Release|Win32
		{6C683D5C-CF9C-4AC9-858B-8BCB05EC69EE}.Release|x86.Build.0 = Release|Win32
	EndGlobalSection
	GlobalSection(SolutionProperties) = preSolution
		HideSolutionNode = FALSE
	EndGlobalSection
	GlobalSection(ExtensibilityGlobals) = postSolution
		SolutionGuid = {6EE1A62F-330A-496A-8FAE-06D037D691EF}
	EndGlobalSection
EndGlobal
